{
  "name": "microservices",
  "version": "1.0.0",
  "lockfileVersion": 1,
  "requires": true,
  "dependencies": {
    "accept": {
      "version": "3.0.2",
      "resolved": "http://registry.npm.taobao.org/accept/download/accept-3.0.2.tgz",
      "integrity": "sha1-g+Qc7H4RSfP9R0iAQjhz22xsyaw=",
      "requires": {
        "boom": "7.x.x",
        "hoek": "5.x.x"
      },
      "dependencies": {
        "boom": {
          "version": "7.2.0",
          "resolved": "http://registry.npm.taobao.org/boom/download/boom-7.2.0.tgz",
          "integrity": "sha1-K/8kpVVldn/ehp7ICDF+sQxI6WY=",
          "requires": {
            "hoek": "5.x.x"
          }
        },
        "hoek": {
          "version": "5.0.3",
          "resolved": "http://registry.npm.taobao.org/hoek/download/hoek-5.0.3.tgz",
          "integrity": "sha1-tx1A2UPQqV2gGVa1R/g8SltKNKw="
        }
      }
    },
    "ammo": {
      "version": "3.0.1",
      "resolved": "http://registry.npm.taobao.org/ammo/download/ammo-3.0.1.tgz",
      "integrity": "sha1-x5zurDb7TlUIXqP+DC9Cv6X3yRQ=",
      "requires": {
        "hoek": "5.x.x"
      },
      "dependencies": {
        "hoek": {
          "version": "5.0.3",
          "resolved": "http://registry.npm.taobao.org/hoek/download/hoek-5.0.3.tgz",
          "integrity": "sha1-tx1A2UPQqV2gGVa1R/g8SltKNKw="
        }
      }
    },
    "archy": {
      "version": "1.0.0",
      "resolved": "http://registry.npm.taobao.org/archy/download/archy-1.0.0.tgz",
      "integrity": "sha1-+cjBN1fMHde8N5rHeyxipcKGjEA="
    },
    "b64": {
      "version": "4.0.0",
      "resolved": "http://registry.npm.taobao.org/b64/download/b64-4.0.0.tgz",
      "integrity": "sha1-w39Yfwo4PHAZ6CESDow/WPDSJ3I="
    },
    "backoff": {
      "version": "2.5.0",
      "resolved": "http://registry.npm.taobao.org/backoff/download/backoff-2.5.0.tgz",
      "integrity": "sha1-9hbtqdPktmuMp/ynn2lXIsX44m8=",
      "requires": {
        "precond": "0.2"
      }
    },
    "big-time": {
      "version": "2.0.1",
      "resolved": "http://registry.npm.taobao.org/big-time/download/big-time-2.0.1.tgz",
      "integrity": "sha1-aMffjcMPl+lT8lpnp2rJcTwWyd4="
    },
    "boom": {
      "version": "3.2.2",
      "resolved": "http://registry.npm.taobao.org/boom/download/boom-3.2.2.tgz",
      "integrity": "sha1-DwzF0ErcUAO4x9cfQsynJx/vDng=",
      "requires": {
        "hoek": "4.x.x"
      }
    },
    "bounce": {
      "version": "1.2.0",
      "resolved": "http://registry.npm.taobao.org/bounce/download/bounce-1.2.0.tgz",
      "integrity": "sha1-47rGjHP9JW44CWVR78CfUEhzyMg=",
      "requires": {
        "boom": "7.x.x",
        "hoek": "5.x.x"
      },
      "dependencies": {
        "boom": {
          "version": "7.2.0",
          "resolved": "http://registry.npm.taobao.org/boom/download/boom-7.2.0.tgz",
          "integrity": "sha1-K/8kpVVldn/ehp7ICDF+sQxI6WY=",
          "requires": {
            "hoek": "5.x.x"
          }
        },
        "hoek": {
          "version": "5.0.3",
          "resolved": "http://registry.npm.taobao.org/hoek/download/hoek-5.0.3.tgz",
          "integrity": "sha1-tx1A2UPQqV2gGVa1R/g8SltKNKw="
        }
      }
    },
    "call": {
      "version": "5.0.1",
      "resolved": "http://registry.npm.taobao.org/call/download/call-5.0.1.tgz",
      "integrity": "sha1-rBtcEG2e3CoXrypKT3TdTwwG6RA=",
      "requires": {
        "boom": "7.x.x",
        "hoek": "5.x.x"
      },
      "dependencies": {
        "boom": {
          "version": "7.2.0",
          "resolved": "http://registry.npm.taobao.org/boom/download/boom-7.2.0.tgz",
          "integrity": "sha1-K/8kpVVldn/ehp7ICDF+sQxI6WY=",
          "requires": {
            "hoek": "5.x.x"
          }
        },
        "hoek": {
          "version": "5.0.3",
          "resolved": "http://registry.npm.taobao.org/hoek/download/hoek-5.0.3.tgz",
          "integrity": "sha1-tx1A2UPQqV2gGVa1R/g8SltKNKw="
        }
      }
    },
    "catbox": {
      "version": "10.0.2",
      "resolved": "http://registry.npm.taobao.org/catbox/download/catbox-10.0.2.tgz",
      "integrity": "sha1-5qwfNRAtGpvQeRW4LlCNErUKi/o=",
      "requires": {
        "boom": "7.x.x",
        "bounce": "1.x.x",
        "hoek": "5.x.x",
        "joi": "13.x.x"
      },
      "dependencies": {
        "boom": {
          "version": "7.2.0",
          "resolved": "http://registry.npm.taobao.org/boom/download/boom-7.2.0.tgz",
          "integrity": "sha1-K/8kpVVldn/ehp7ICDF+sQxI6WY=",
          "requires": {
            "hoek": "5.x.x"
          }
        },
        "hoek": {
          "version": "5.0.3",
          "resolved": "http://registry.npm.taobao.org/hoek/download/hoek-5.0.3.tgz",
          "integrity": "sha1-tx1A2UPQqV2gGVa1R/g8SltKNKw="
        }
      }
    },
    "catbox-memory": {
      "version": "3.1.2",
      "resolved": "http://registry.npm.taobao.org/catbox-memory/download/catbox-memory-3.1.2.tgz",
      "integrity": "sha1-Su7BvJlEGcD35gCH8XKq7dm0kRw=",
      "requires": {
        "big-time": "2.x.x",
        "boom": "7.x.x",
        "hoek": "5.x.x"
      },
      "dependencies": {
        "boom": {
          "version": "7.2.0",
          "resolved": "http://registry.npm.taobao.org/boom/download/boom-7.2.0.tgz",
          "integrity": "sha1-K/8kpVVldn/ehp7ICDF+sQxI6WY=",
          "requires": {
            "hoek": "5.x.x"
          }
        },
        "hoek": {
          "version": "5.0.3",
          "resolved": "http://registry.npm.taobao.org/hoek/download/hoek-5.0.3.tgz",
          "integrity": "sha1-tx1A2UPQqV2gGVa1R/g8SltKNKw="
        }
      }
    },
    "content": {
      "version": "4.0.5",
      "resolved": "http://registry.npm.taobao.org/content/download/content-4.0.5.tgz",
      "integrity": "sha1-vFR96ryImrabzhf681hcKfTEG/I=",
      "requires": {
        "boom": "7.x.x"
      },
      "dependencies": {
        "boom": {
          "version": "7.2.0",
          "resolved": "http://registry.npm.taobao.org/boom/download/boom-7.2.0.tgz",
          "integrity": "sha1-K/8kpVVldn/ehp7ICDF+sQxI6WY=",
          "requires": {
            "hoek": "5.x.x"
          }
        },
        "hoek": {
          "version": "5.0.3",
          "resolved": "http://registry.npm.taobao.org/hoek/download/hoek-5.0.3.tgz",
          "integrity": "sha1-tx1A2UPQqV2gGVa1R/g8SltKNKw="
        }
      }
    },
    "core-util-is": {
      "version": "1.0.2",
      "resolved": "http://registry.npm.taobao.org/core-util-is/download/core-util-is-1.0.2.tgz",
      "integrity": "sha1-tf1UIgqivFq1eqtxQMlAdUUDwac="
    },
    "cryptiles": {
      "version": "4.1.1",
      "resolved": "http://registry.npm.taobao.org/cryptiles/download/cryptiles-4.1.1.tgz",
      "integrity": "sha1-FpJWud+f48c/gIXJnjCzIkfUq0Y=",
      "requires": {
        "boom": "7.x.x"
      },
      "dependencies": {
        "boom": {
          "version": "7.2.0",
          "resolved": "http://registry.npm.taobao.org/boom/download/boom-7.2.0.tgz",
          "integrity": "sha1-K/8kpVVldn/ehp7ICDF+sQxI6WY=",
          "requires": {
            "hoek": "5.x.x"
          }
        },
        "hoek": {
          "version": "5.0.3",
          "resolved": "http://registry.npm.taobao.org/hoek/download/hoek-5.0.3.tgz",
          "integrity": "sha1-tx1A2UPQqV2gGVa1R/g8SltKNKw="
        }
      }
    },
    "eraro": {
      "version": "0.4.1",
      "resolved": "http://registry.npm.taobao.org/eraro/download/eraro-0.4.1.tgz",
      "integrity": "sha1-ZThzB2mh6J/8Pwx+LJTVofhmYp0=",
      "requires": {
        "lodash": "~2.4.1"
      },
      "dependencies": {
        "lodash": {
          "version": "2.4.2",
          "resolved": "http://registry.npm.taobao.org/lodash/download/lodash-2.4.2.tgz",
          "integrity": "sha1-+t2DS5aDBz2hebPq5tnA0VBT9z4="
        }
      }
    },
    "gate-executor": {
      "version": "1.1.1",
      "resolved": "http://registry.npm.taobao.org/gate-executor/download/gate-executor-1.1.1.tgz",
      "integrity": "sha1-Zn9ncoSg2+hrbEigtK/oxISBLK8="
    },
    "gex": {
      "version": "0.2.2",
      "resolved": "http://registry.npm.taobao.org/gex/download/gex-0.2.2.tgz",
      "integrity": "sha1-LUCdJDCVlwjaVc9WKUxk9tiXNIc=",
      "requires": {
        "lodash": "3.10.0"
      },
      "dependencies": {
        "lodash": {
          "version": "3.10.0",
          "resolved": "http://registry.npm.taobao.org/lodash/download/lodash-3.10.0.tgz",
          "integrity": "sha1-k9UcZygopEFqEq9XIguoqHN+L7s="
        }
      }
    },
    "hapi": {
      "version": "17.4.0",
      "resolved": "http://registry.npm.taobao.org/hapi/download/hapi-17.4.0.tgz",
      "integrity": "sha1-xWwOw7jWeMyUG9uUO8vdxBB+g4s=",
      "requires": {
        "accept": "3.x.x",
        "ammo": "3.x.x",
        "boom": "7.x.x",
        "bounce": "1.x.x",
        "call": "5.x.x",
        "catbox": "10.x.x",
        "catbox-memory": "3.x.x",
        "heavy": "6.x.x",
        "hoek": "5.x.x",
        "joi": "13.x.x",
        "mimos": "4.x.x",
        "podium": "3.x.x",
        "shot": "4.x.x",
        "statehood": "6.x.x",
        "subtext": "6.x.x",
        "teamwork": "3.x.x",
        "topo": "3.x.x"
      },
      "dependencies": {
        "boom": {
          "version": "7.2.0",
          "resolved": "http://registry.npm.taobao.org/boom/download/boom-7.2.0.tgz",
          "integrity": "sha1-K/8kpVVldn/ehp7ICDF+sQxI6WY=",
          "requires": {
            "hoek": "5.x.x"
          }
        },
        "hoek": {
          "version": "5.0.3",
          "resolved": "http://registry.npm.taobao.org/hoek/download/hoek-5.0.3.tgz",
          "integrity": "sha1-tx1A2UPQqV2gGVa1R/g8SltKNKw="
        }
      }
    },
    "heavy": {
      "version": "6.1.0",
      "resolved": "http://registry.npm.taobao.org/heavy/download/heavy-6.1.0.tgz",
      "integrity": "sha1-G7+kPcYd1LVD7eP/h9uDBreWcnQ=",
      "requires": {
        "boom": "7.x.x",
        "hoek": "5.x.x",
        "joi": "13.x.x"
      },
      "dependencies": {
        "boom": {
          "version": "7.2.0",
          "resolved": "http://registry.npm.taobao.org/boom/download/boom-7.2.0.tgz",
          "integrity": "sha1-K/8kpVVldn/ehp7ICDF+sQxI6WY=",
          "requires": {
            "hoek": "5.x.x"
          }
        },
        "hoek": {
          "version": "5.0.3",
          "resolved": "http://registry.npm.taobao.org/hoek/download/hoek-5.0.3.tgz",
          "integrity": "sha1-tx1A2UPQqV2gGVa1R/g8SltKNKw="
        }
      }
    },
    "hoek": {
      "version": "4.2.1",
      "resolved": "http://registry.npm.taobao.org/hoek/download/hoek-4.2.1.tgz",
      "integrity": "sha1-ljRQKqEsRF3Vp8VzS1cruHOKrLs="
    },
    "inherits": {
      "version": "2.0.3",
      "resolved": "http://registry.npm.taobao.org/inherits/download/inherits-2.0.3.tgz",
      "integrity": "sha1-Yzwsg+PaQqUC9SRmAiSA9CCCYd4="
    },
    "iron": {
      "version": "5.0.4",
      "resolved": "http://registry.npm.taobao.org/iron/download/iron-5.0.4.tgz",
      "integrity": "sha1-AD7YIvZW8HwrYnYoFfXeOUcyaGc=",
      "requires": {
        "boom": "7.x.x",
        "cryptiles": "4.x.x",
        "hoek": "5.x.x"
      },
      "dependencies": {
        "boom": {
          "version": "7.2.0",
          "resolved": "http://registry.npm.taobao.org/boom/download/boom-7.2.0.tgz",
          "integrity": "sha1-K/8kpVVldn/ehp7ICDF+sQxI6WY=",
          "requires": {
            "hoek": "5.x.x"
          }
        },
        "hoek": {
          "version": "5.0.3",
          "resolved": "http://registry.npm.taobao.org/hoek/download/hoek-5.0.3.tgz",
          "integrity": "sha1-tx1A2UPQqV2gGVa1R/g8SltKNKw="
        }
      }
    },
    "isarray": {
      "version": "0.0.1",
      "resolved": "http://registry.npm.taobao.org/isarray/download/isarray-0.0.1.tgz",
      "integrity": "sha1-ihis/Kmo9Bd+Cav8YDiTmwXR7t8="
    },
    "isemail": {
      "version": "3.1.2",
      "resolved": "http://registry.npm.taobao.org/isemail/download/isemail-3.1.2.tgz",
      "integrity": "sha1-k3z5GQAgd5mac+qLGVHVkOhOAd0=",
      "requires": {
        "punycode": "2.x.x"
      }
    },
    "joi": {
      "version": "13.3.0",
      "resolved": "http://registry.npm.taobao.org/joi/download/joi-13.3.0.tgz",
      "integrity": "sha1-Te/UMztTnF0Q5ESrRPWlWDSA8Xw=",
      "requires": {
        "hoek": "5.x.x",
        "isemail": "3.x.x",
        "topo": "3.x.x"
      },
      "dependencies": {
        "hoek": {
          "version": "5.0.3",
          "resolved": "http://registry.npm.taobao.org/hoek/download/hoek-5.0.3.tgz",
          "integrity": "sha1-tx1A2UPQqV2gGVa1R/g8SltKNKw="
        }
      }
    },
    "json-stringify-safe": {
      "version": "5.0.1",
      "resolved": "http://registry.npm.taobao.org/json-stringify-safe/download/json-stringify-safe-5.0.1.tgz",
      "integrity": "sha1-Epai1Y/UXxmg9s4B1lcB4sc1tus="
    },
    "jsonic": {
      "version": "0.3.0",
      "resolved": "http://registry.npm.taobao.org/jsonic/download/jsonic-0.3.0.tgz",
      "integrity": "sha1-tUXalfVDkuWLPdoF9fLjd6bJ0b8="
    },
    "lodash": {
      "version": "4.17.4",
      "resolved": "http://registry.npm.taobao.org/lodash/download/lodash-4.17.4.tgz",
      "integrity": "sha1-eCA6TRwyiuHYbcpkYONptX9AVa4="
    },
    "lru-cache": {
      "version": "4.0.1",
      "resolved": "http://registry.npm.taobao.org/lru-cache/download/lru-cache-4.0.1.tgz",
      "integrity": "sha1-E0OVXtry432bnn7nJB4nxLn7cr4=",
      "requires": {
        "pseudomap": "^1.0.1",
        "yallist": "^2.0.0"
      }
    },
    "mime-db": {
      "version": "1.33.0",
      "resolved": "http://registry.npm.taobao.org/mime-db/download/mime-db-1.33.0.tgz",
      "integrity": "sha1-o0kgUKXLm2NFBUHjnZeI0icng9s="
    },
    "mimos": {
      "version": "4.0.0",
      "resolved": "http://registry.npm.taobao.org/mimos/download/mimos-4.0.0.tgz",
      "integrity": "sha1-duPScShDHLZIL9FbIEdXGa1ialo=",
      "requires": {
        "hoek": "5.x.x",
        "mime-db": "1.x.x"
      },
      "dependencies": {
        "hoek": {
          "version": "5.0.3",
          "resolved": "http://registry.npm.taobao.org/hoek/download/hoek-5.0.3.tgz",
          "integrity": "sha1-tx1A2UPQqV2gGVa1R/g8SltKNKw="
        }
      }
    },
    "minimist": {
      "version": "1.2.0",
      "resolved": "http://registry.npm.taobao.org/minimist/download/minimist-1.2.0.tgz",
      "integrity": "sha1-o1AIsg9BOD7sH7kU9M1d95omQoQ="
    },
    "ndjson": {
      "version": "1.4.3",
      "resolved": "http://registry.npm.taobao.org/ndjson/download/ndjson-1.4.3.tgz",
      "integrity": "sha1-eqAm/jqzin2horStB7EAjnM+sjk=",
      "requires": {
        "minimist": "^1.2.0",
        "split2": "^0.2.1",
        "through2": "^0.6.1"
      }
    },
    "nid": {
      "version": "0.3.2",
      "resolved": "http://registry.npm.taobao.org/nid/download/nid-0.3.2.tgz",
      "integrity": "sha1-l3qTGO1cKjjt1mJj8+r9gUPyJRo="
    },
    "nigel": {
      "version": "3.0.1",
      "resolved": "http://registry.npm.taobao.org/nigel/download/nigel-3.0.1.tgz",
      "integrity": "sha1-SKCIWdZRdzEvHCWvclLB4HuwfCo=",
      "requires": {
        "hoek": "5.x.x",
        "vise": "3.x.x"
      },
      "dependencies": {
        "hoek": {
          "version": "5.0.3",
          "resolved": "http://registry.npm.taobao.org/hoek/download/hoek-5.0.3.tgz",
          "integrity": "sha1-tx1A2UPQqV2gGVa1R/g8SltKNKw="
        }
      }
    },
    "norma": {
      "version": "0.3.0",
      "resolved": "http://registry.npm.taobao.org/norma/download/norma-0.3.0.tgz",
      "integrity": "sha1-JyZcNBEBjDLJPucZ9pLPkN7Fq2Q=",
      "requires": {
        "eraro": "~0.4.1",
        "lodash": "~2.4.1"
      },
      "dependencies": {
        "lodash": {
          "version": "2.4.2",
          "resolved": "http://registry.npm.taobao.org/lodash/download/lodash-2.4.2.tgz",
          "integrity": "sha1-+t2DS5aDBz2hebPq5tnA0VBT9z4="
        }
      }
    },
    "ordu": {
      "version": "0.1.1",
      "resolved": "http://registry.npm.taobao.org/ordu/download/ordu-0.1.1.tgz",
      "integrity": "sha1-nIEJSTaTyvCCmfyoTFlq64YLrqo="
    },
    "patrun": {
      "version": "0.5.1",
      "resolved": "http://registry.npm.taobao.org/patrun/download/patrun-0.5.1.tgz",
      "integrity": "sha1-W/83V/Tz/SvftqBNJ5QsvsPhLxw=",
      "requires": {
        "gex": "0.2.2",
        "lodash": "4.15.0"
      },
      "dependencies": {
        "lodash": {
          "version": "4.15.0",
          "resolved": "http://registry.npm.taobao.org/lodash/download/lodash-4.15.0.tgz",
          "integrity": "sha1-MWI5HY8BQKoiz49rPDTWt/Y9Oqk="
        }
      }
    },
    "pez": {
      "version": "4.0.2",
      "resolved": "http://registry.npm.taobao.org/pez/download/pez-4.0.2.tgz",
      "integrity": "sha1-CnyBtklo6QsOlWKzmPOQk56cS1M=",
      "requires": {
        "b64": "4.x.x",
        "boom": "7.x.x",
        "content": "4.x.x",
        "hoek": "5.x.x",
        "nigel": "3.x.x"
      },
      "dependencies": {
        "boom": {
          "version": "7.2.0",
          "resolved": "http://registry.npm.taobao.org/boom/download/boom-7.2.0.tgz",
          "integrity": "sha1-K/8kpVVldn/ehp7ICDF+sQxI6WY=",
          "requires": {
            "hoek": "5.x.x"
          }
        },
        "hoek": {
          "version": "5.0.3",
          "resolved": "http://registry.npm.taobao.org/hoek/download/hoek-5.0.3.tgz",
          "integrity": "sha1-tx1A2UPQqV2gGVa1R/g8SltKNKw="
        }
      }
    },
    "podium": {
      "version": "3.1.2",
      "resolved": "http://registry.npm.taobao.org/podium/download/podium-3.1.2.tgz",
      "integrity": "sha1-twFClznPa93mswFa5rSNQAgXzp4=",
      "requires": {
        "hoek": "5.x.x",
        "joi": "13.x.x"
      },
      "dependencies": {
        "hoek": {
          "version": "5.0.3",
          "resolved": "http://registry.npm.taobao.org/hoek/download/hoek-5.0.3.tgz",
          "integrity": "sha1-tx1A2UPQqV2gGVa1R/g8SltKNKw="
        }
      }
    },
    "precond": {
      "version": "0.2.3",
      "resolved": "http://registry.npm.taobao.org/precond/download/precond-0.2.3.tgz",
      "integrity": "sha1-qpWRvKokkj8eD0hJ0kD0fvwQdaw="
    },
    "pseudomap": {
      "version": "1.0.2",
      "resolved": "http://registry.npm.taobao.org/pseudomap/download/pseudomap-1.0.2.tgz",
      "integrity": "sha1-8FKijacOYYkX7wqKw0wa5aaChrM="
    },
    "punycode": {
      "version": "2.1.0",
      "resolved": "http://registry.npm.taobao.org/punycode/download/punycode-2.1.0.tgz",
      "integrity": "sha1-X4Y+3Im5bbCQdLrXlHvwkFbKTn0="
    },
    "qs": {
      "version": "6.4.0",
      "resolved": "http://registry.npm.taobao.org/qs/download/qs-6.4.0.tgz",
      "integrity": "sha1-E+JtKK1rD/qpExLNO/cI7TUecjM="
    },
    "readable-stream": {
      "version": "1.0.34",
      "resolved": "http://registry.npm.taobao.org/readable-stream/download/readable-stream-1.0.34.tgz",
      "integrity": "sha1-Elgg40vIQtLyqq+v5MKRbuMsFXw=",
      "requires": {
        "core-util-is": "~1.0.0",
        "inherits": "~2.0.1",
        "isarray": "0.0.1",
        "string_decoder": "~0.10.x"
      }
    },
    "reconnect-core": {
      "version": "1.3.0",
      "resolved": "http://registry.npm.taobao.org/reconnect-core/download/reconnect-core-1.3.0.tgz",
      "integrity": "sha1-+65SkZp4d9hE4yRtAaLyZwHIM8g=",
      "requires": {
        "backoff": "~2.5.0"
      }
    },
    "rolling-stats": {
      "version": "0.1.1",
      "resolved": "http://registry.npm.taobao.org/rolling-stats/download/rolling-stats-0.1.1.tgz",
      "integrity": "sha1-zVr3dKiJOzCmdIMvovSrqkeM/IA="
    },
    "semver": {
      "version": "5.3.0",
      "resolved": "http://registry.npm.taobao.org/semver/download/semver-5.3.0.tgz",
      "integrity": "sha1-myzl094C0XxgEq0yaqa00M9U+U8="
    },
    "seneca": {
      "version": "3.4.3",
      "resolved": "http://registry.npm.taobao.org/seneca/download/seneca-3.4.3.tgz",
      "integrity": "sha1-8kC84FJVQwDPu6NfEjl13KtpcEo=",
      "requires": {
        "archy": "1.0.0",
        "eraro": "0.4.1",
        "gate-executor": "1.1.1",
        "gex": "0.2.2",
        "json-stringify-safe": "5.0.1",
        "jsonic": "0.3.0",
        "lodash": "4.17.4",
        "minimist": "1.2.0",
        "nid": "0.3.2",
        "norma": "0.3.0",
        "ordu": "0.1.1",
        "patrun": "0.5.1",
        "qs": "6.4.0",
        "rolling-stats": "0.1.1",
        "semver": "5.3.0",
        "seneca-log-filter": "0.1.0",
        "seneca-transport": "2.1.1",
        "use-plugin": "0.3.2",
        "wreck": "12.2.0"
      }
    },
    "seneca-log-filter": {
      "version": "0.1.0",
      "resolved": "http://registry.npm.taobao.org/seneca-log-filter/download/seneca-log-filter-0.1.0.tgz",
      "integrity": "sha1-9RPed9/cwSACP4R6fGDO7Qr8ZrM=",
      "requires": {
        "lodash": "4.15.0"
      },
      "dependencies": {
        "lodash": {
          "version": "4.15.0",
          "resolved": "http://registry.npm.taobao.org/lodash/download/lodash-4.15.0.tgz",
          "integrity": "sha1-MWI5HY8BQKoiz49rPDTWt/Y9Oqk="
        }
      }
    },
    "seneca-transport": {
      "version": "2.1.1",
      "resolved": "http://registry.npm.taobao.org/seneca-transport/download/seneca-transport-2.1.1.tgz",
      "integrity": "sha1-/40aAzW/4DfKfO3fJ4KL3VUpKiI=",
      "requires": {
        "eraro": "0.4.1",
        "gex": "0.2.2",
        "jsonic": "0.2.2",
        "lodash": "4.15.0",
        "lru-cache": "4.0.1",
        "ndjson": "1.4.3",
        "nid": "0.3.2",
        "patrun": "0.5.0",
        "qs": "6.2.1",
        "reconnect-core": "1.3.0",
        "wreck": "9.0.0"
      },
      "dependencies": {
        "jsonic": {
          "version": "0.2.2",
          "resolved": "http://registry.npm.taobao.org/jsonic/download/jsonic-0.2.2.tgz",
          "integrity": "sha1-Enu5nfTYIWUsSKI9AlzysW5hhJE="
        },
        "lodash": {
          "version": "4.15.0",
          "resolved": "http://registry.npm.taobao.org/lodash/download/lodash-4.15.0.tgz",
          "integrity": "sha1-MWI5HY8BQKoiz49rPDTWt/Y9Oqk="
        },
        "patrun": {
          "version": "0.5.0",
          "resolved": "http://registry.npm.taobao.org/patrun/download/patrun-0.5.0.tgz",
          "integrity": "sha1-d6UfdzrEkxuzU/1B1Z3mR4/GEY0=",
          "requires": {
            "gex": "0.2.2",
            "lodash": "3.10.0"
          },
          "dependencies": {
            "lodash": {
              "version": "3.10.0",
              "resolved": "http://registry.npm.taobao.org/lodash/download/lodash-3.10.0.tgz",
              "integrity": "sha1-k9UcZygopEFqEq9XIguoqHN+L7s="
            }
          }
        },
        "qs": {
          "version": "6.2.1",
          "resolved": "http://registry.npm.taobao.org/qs/download/qs-6.2.1.tgz",
          "integrity": "sha1-zgPF/wk1vB2daanxTL0Y5WjWdiU="
        },
        "wreck": {
          "version": "9.0.0",
          "resolved": "http://registry.npm.taobao.org/wreck/download/wreck-9.0.0.tgz",
          "integrity": "sha1-HeY9SbsHuU/nGIZLi+YxduYzMew=",
          "requires": {
            "boom": "3.x.x",
            "hoek": "4.x.x"
          }
        }
      }
    },
    "shot": {
      "version": "4.0.5",
      "resolved": "http://registry.npm.taobao.org/shot/download/shot-4.0.5.tgz",
      "integrity": "sha1-x+dFXRHWD2ts08Q+FaO0McF+VWY=",
      "requires": {
        "hoek": "5.x.x",
        "joi": "13.x.x"
      },
      "dependencies": {
        "hoek": {
          "version": "5.0.3",
          "resolved": "http://registry.npm.taobao.org/hoek/download/hoek-5.0.3.tgz",
          "integrity": "sha1-tx1A2UPQqV2gGVa1R/g8SltKNKw="
        }
      }
    },
    "split2": {
      "version": "0.2.1",
      "resolved": "http://registry.npm.taobao.org/split2/download/split2-0.2.1.tgz",
      "integrity": "sha1-At2smtwD7Au3jBKC7Aecpuha6QA=",
      "requires": {
        "through2": "~0.6.1"
      }
    },
    "statehood": {
      "version": "6.0.6",
      "resolved": "http://registry.npm.taobao.org/statehood/download/statehood-6.0.6.tgz",
      "integrity": "sha1-Db18UHdNP2GiTkKwZzCTu8gfpfA=",
      "requires": {
        "boom": "7.x.x",
        "bounce": "1.x.x",
        "cryptiles": "4.x.x",
        "hoek": "5.x.x",
        "iron": "5.x.x",
        "joi": "13.x.x"
      },
      "dependencies": {
        "boom": {
          "version": "7.2.0",
          "resolved": "http://registry.npm.taobao.org/boom/download/boom-7.2.0.tgz",
          "integrity": "sha1-K/8kpVVldn/ehp7ICDF+sQxI6WY=",
          "requires": {
            "hoek": "5.x.x"
          }
        },
        "hoek": {
          "version": "5.0.3",
          "resolved": "http://registry.npm.taobao.org/hoek/download/hoek-5.0.3.tgz",
          "integrity": "sha1-tx1A2UPQqV2gGVa1R/g8SltKNKw="
        }
      }
    },
    "string_decoder": {
      "version": "0.10.31",
      "resolved": "http://registry.npm.taobao.org/string_decoder/download/string_decoder-0.10.31.tgz",
      "integrity": "sha1-YuIDvEF2bGwoyfyEMB2rHFMQ+pQ="
    },
    "subtext": {
      "version": "6.0.7",
      "resolved": "http://registry.npm.taobao.org/subtext/download/subtext-6.0.7.tgz",
      "integrity": "sha1-jkCmeQGnNNWYFCZlyQ45g2m4hfk=",
      "requires": {
        "boom": "7.x.x",
        "content": "4.x.x",
        "hoek": "5.x.x",
        "pez": "4.x.x",
        "wreck": "14.x.x"
      },
      "dependencies": {
        "boom": {
          "version": "7.2.0",
          "resolved": "http://registry.npm.taobao.org/boom/download/boom-7.2.0.tgz",
          "integrity": "sha1-K/8kpVVldn/ehp7ICDF+sQxI6WY=",
          "requires": {
            "hoek": "5.x.x"
          }
        },
        "hoek": {
          "version": "5.0.3",
          "resolved": "http://registry.npm.taobao.org/hoek/download/hoek-5.0.3.tgz",
          "integrity": "sha1-tx1A2UPQqV2gGVa1R/g8SltKNKw="
        },
        "wreck": {
          "version": "14.0.2",
          "resolved": "http://registry.npm.taobao.org/wreck/download/wreck-14.0.2.tgz",
          "integrity": "sha1-icF6kGHHRe0cOuvLZuoYHbqrRUw=",
          "requires": {
            "boom": "7.x.x",
            "hoek": "5.x.x"
          }
        }
      }
    },
    "teamwork": {
      "version": "3.0.1",
      "resolved": "http://registry.npm.taobao.org/teamwork/download/teamwork-3.0.1.tgz",
      "integrity": "sha1-/zjHFh9B+AcLeBNxbrYVQDbs4ZY="
    },
    "through2": {
      "version": "0.6.5",
      "resolved": "http://registry.npm.taobao.org/through2/download/through2-0.6.5.tgz",
      "integrity": "sha1-QaucZ7KdVyCQcUEOHXp6lozTrUg=",
      "requires": {
        "readable-stream": ">=1.0.33-1 <1.1.0-0",
        "xtend": ">=4.0.0 <4.1.0-0"
      }
    },
    "topo": {
      "version": "3.0.0",
      "resolved": "http://registry.npm.taobao.org/topo/download/topo-3.0.0.tgz",
      "integrity": "sha1-N+SMMw7+rHhFOOCs0+YspeIx/no=",
      "requires": {
        "hoek": "5.x.x"
      },
      "dependencies": {
        "hoek": {
          "version": "5.0.3",
          "resolved": "http://registry.npm.taobao.org/hoek/download/hoek-5.0.3.tgz",
          "integrity": "sha1-tx1A2UPQqV2gGVa1R/g8SltKNKw="
        }
      }
    },
    "use-plugin": {
      "version": "0.3.2",
      "resolved": "http://registry.npm.taobao.org/use-plugin/download/use-plugin-0.3.2.tgz",
      "integrity": "sha1-Afi4cvJMzepP15WPBX9NVb8f3/Q=",
      "requires": {
        "eraro": "0.4",
        "lodash": "4.15",
        "nid": "0.3",
        "norma": "0.3"
      },
      "dependencies": {
        "lodash": {
          "version": "4.15.0",
          "resolved": "http://registry.npm.taobao.org/lodash/download/lodash-4.15.0.tgz",
          "integrity": "sha1-MWI5HY8BQKoiz49rPDTWt/Y9Oqk="
        }
      }
    },
    "vise": {
      "version": "3.0.0",
      "resolved": "http://registry.npm.taobao.org/vise/download/vise-3.0.0.tgz",
      "integrity": "sha1-dq0UqzFmnFD7sIF7wOcv7cuzv0w=",
      "requires": {
        "hoek": "5.x.x"
      },
      "dependencies": {
        "hoek": {
          "version": "5.0.3",
          "resolved": "http://registry.npm.taobao.org/hoek/download/hoek-5.0.3.tgz",
          "integrity": "sha1-tx1A2UPQqV2gGVa1R/g8SltKNKw="
        }
      }
    },
    "wreck": {
      "version": "12.2.0",
      "resolved": "http://registry.npm.taobao.org/wreck/download/wreck-12.2.0.tgz",
      "integrity": "sha1-ocM3HiFSv202AP9YG2acaKTT2Lg=",
      "requires": {
        "boom": "4.x.x",
        "hoek": "4.x.x"
      },
      "dependencies": {
        "boom": {
          "version": "4.3.1",
          "resolved": "http://registry.npm.taobao.org/boom/download/boom-4.3.1.tgz",
          "integrity": "sha1-T4owBctKfjiJ90kDD9JbluAdLjE=",
          "requires": {
            "hoek": "4.x.x"
          }
        }
      }
    },
    "xtend": {
      "version": "4.0.1",
      "resolved": "http://registry.npm.taobao.org/xtend/download/xtend-4.0.1.tgz",
      "integrity": "sha1-pcbVMr5lbiPbgg77lDofBJmNY68="
    },
    "yallist": {
      "version": "2.1.2",
      "resolved": "http://registry.npm.taobao.org/yallist/download/yallist-2.1.2.tgz",
      "integrity": "sha1-HBH5IY8HYImkfdUS+TxmmaaoHVI="
    }
  }
}
